
Microsoft Visual Studio Solution File, Format Version 12.00
# Visual Studio Version 17
VisualStudioVersion = 17.7.34003.232
MinimumVisualStudioVersion = 10.0.40219.1
Project("{FAE04EC0-301F-11D3-BF4B-00C04F79EFBC}") = "Epicure_Me", "Epicure_Me\Epicure_Me.csproj", "{27C6DBA2-C70F-4DD5-81B4-68750F622A79}"
EndProject
Global
	GlobalSection(SolutionConfigurationPlatforms) = preSolution
		Debug|Any CPU = Debug|Any CPU
		Release|Any CPU = Release|Any CPU
	EndGlobalSection
	GlobalSection(ProjectConfigurationPlatforms) = postSolution
		{27C6DBA2-C70F-4DD5-81B4-68750F622A79}.Debug|Any CPU.ActiveCfg = Debug|Any CPU
		{27C6DBA2-C70F-4DD5-81B4-68750F622A79}.Debug|Any CPU.Build.0 = Debug|Any CPU
		{27C6DBA2-C70F-4DD5-81B4-68750F622A79}.Debug|Any CPU.Deploy.0 = Debug|Any CPU
		{27C6DBA2-C70F-4DD5-81B4-68750F622A79}.Release|Any CPU.ActiveCfg = Release|Any CPU
		{27C6DBA2-C70F-4DD5-81B4-68750F622A79}.Release|Any CPU.Build.0 = Release|Any CPU
		{27C6DBA2-C70F-4DD5-81B4-68750F622A79}.Release|Any CPU.Deploy.0 = Release|Any CPU
	EndGlobalSection
	GlobalSection(SolutionProperties) = preSolution
		HideSolutionNode = FALSE
	EndGlobalSection
	GlobalSection(ExtensibilityGlobals) = postSolution
		SolutionGuid = {6D703EB6-2C91-4D33-9C78-7E91AA94CF1B}
	EndGlobalSection
EndGlobal
